
Microsoft Visual Studio Solution File, Format Version 12.00
# Visual Studio Version 16
VisualStudioVersion = 16.0.29613.14
MinimumVisualStudioVersion = 10.0.40219.1
Project("{FAE04EC0-301F-11D3-BF4B-00C04F79EFBC}") = "Pizza_API", "Pizza_API\Pizza_API.csproj", "{B3A44C77-A5E1-4925-A664-0BBFA41EA195}"
EndProject
Global
	GlobalSection(SolutionConfigurationPlatforms) = preSolution
		Debug|Any CPU = Debug|Any CPU
		Release|Any CPU = Release|Any CPU
	EndGlobalSection
	GlobalSection(ProjectConfigurationPlatforms) = postSolution
		{B3A44C77-A5E1-4925-A664-0BBFA41EA195}.Debug|Any CPU.ActiveCfg = Debug|Any CPU
		{B3A44C77-A5E1-4925-A664-0BBFA41EA195}.Debug|Any CPU.Build.0 = Debug|Any CPU
		{B3A44C77-A5E1-4925-A664-0BBFA41EA195}.Release|Any CPU.ActiveCfg = Release|Any CPU
		{B3A44C77-A5E1-4925-A664-0BBFA41EA195}.Release|Any CPU.Build.0 = Release|Any CPU
	EndGlobalSection
	GlobalSection(SolutionProperties) = preSolution
		HideSolutionNode = FALSE
	EndGlobalSection
	GlobalSection(ExtensibilityGlobals) = postSolution
		SolutionGuid = {BD6AF207-3920-47AA-97AF-55C5FC4A08C8}
	EndGlobalSection
EndGlobal
